
Microsoft Visual Studio Solution File, Format Version 12.00
# Visual Studio 15
VisualStudioVersion = 15.0.27130.2026
MinimumVisualStudioVersion = 10.0.40219.1
Project("{FAE04EC0-301F-11D3-BF4B-00C04F79EFBC}") = "CPU_Scheduling", "CPU_Scheduling\CPU_Scheduling.csproj", "{36327816-70D2-4AC4-901A-38A70FC1F654}"
EndProject
Project("{2150E333-8FDC-42A3-9474-1A3956D46DE8}") = "Solution Items", "Solution Items", "{B173B0F2-72FD-4CCD-8AEA-5F775B67278F}"
	ProjectSection(SolutionItems) = preProject
		imgForReadMe\01.PNG = imgForReadMe\01.PNG
		imgForReadMe\02.PNG = imgForReadMe\02.PNG
		imgForReadMe\03.PNG = imgForReadMe\03.PNG
		imgForReadMe\04.PNG = imgForReadMe\04.PNG
		README.md = README.md
	EndProjectSection
EndProject
Global
	GlobalSection(SolutionConfigurationPlatforms) = preSolution
		Debug|Any CPU = Debug|Any CPU
		Release|Any CPU = Release|Any CPU
	EndGlobalSection
	GlobalSection(ProjectConfigurationPlatforms) = postSolution
		{36327816-70D2-4AC4-901A-38A70FC1F654}.Debug|Any CPU.ActiveCfg = Debug|Any CPU
		{36327816-70D2-4AC4-901A-38A70FC1F654}.Debug|Any CPU.Build.0 = Debug|Any CPU
		{36327816-70D2-4AC4-901A-38A70FC1F654}.Release|Any CPU.ActiveCfg = Release|Any CPU
		{36327816-70D2-4AC4-901A-38A70FC1F654}.Release|Any CPU.Build.0 = Release|Any CPU
	EndGlobalSection
	GlobalSection(SolutionProperties) = preSolution
		HideSolutionNode = FALSE
	EndGlobalSection
	GlobalSection(ExtensibilityGlobals) = postSolution
		SolutionGuid = {02B488FD-156F-4693-A1A0-1C39D485CA9F}
	EndGlobalSection
EndGlobal
